
Microsoft Visual Studio Solution File, Format Version 12.00
# Visual Studio 2013
VisualStudioVersion = 12.0.31101.0
MinimumVisualStudioVersion = 10.0.40219.1
Project("{FAE04EC0-301F-11D3-BF4B-00C04F79EFBC}") = "UnfDatabaseAndEFDemoApp", "UnfDatabaseAndEFDemoApp\UnfDatabaseAndEFDemoApp.csproj", "{D7EED926-E68B-46F8-8221-023E89F5CBA6}"
EndProject
Project("{FAE04EC0-301F-11D3-BF4B-00C04F79EFBC}") = "UnfDatabaseAndEFDemoApp.Domain", "UnfDatabaseAndEFDemoApp.Domain\UnfDatabaseAndEFDemoApp.Domain.csproj", "{F4A9A668-6A4B-4854-BB57-ACE481945292}"
EndProject
Project("{FAE04EC0-301F-11D3-BF4B-00C04F79EFBC}") = "UnfDatabaseAndEFDemoApp.DependencyManager", "UnfDatabaseAndEFDemoApp.DependencyManager\UnfDatabaseAndEFDemoApp.DependencyManager.csproj", "{0DD06E62-9253-4BBF-9988-01C17C44AF7E}"
EndProject
Project("{FAE04EC0-301F-11D3-BF4B-00C04F79EFBC}") = "UnfDatabaseAndEFDemoApp.Services", "UnfDatabaseAndEFDemoApp.Services\UnfDatabaseAndEFDemoApp.Services.csproj", "{781C7B7F-4D7D-421A-8759-11D6CF198E9D}"
EndProject
Project("{FAE04EC0-301F-11D3-BF4B-00C04F79EFBC}") = "UnfDatabaseAndEFDemoApp.Services.ADO", "UnfDatabaseAndEFDemoApp.Services.ADO\UnfDatabaseAndEFDemoApp.Services.ADO.csproj", "{60632201-673E-4795-90ED-30CF83BB435C}"
EndProject
Project("{FAE04EC0-301F-11D3-BF4B-00C04F79EFBC}") = "UnfDatabaseAndEFDemoApp.Services.EF", "UnfDatabaseAndEFDemoApp.Services.EF\UnfDatabaseAndEFDemoApp.Services.EF.csproj", "{4A8D689F-0279-4777-A4DA-E535432FA887}"
EndProject
Project("{00D1A9C2-B5F0-4AF3-8072-F6C62B433612}") = "UnfDatabaseAndEFDemoApp.SqlServer", "UnfDatabaseAndEFDemoApp.SqlServer\UnfDatabaseAndEFDemoApp.SqlServer.sqlproj", "{41D1A5B1-5F91-477F-9700-3BF3C8EF5811}"
EndProject
Global
	GlobalSection(SolutionConfigurationPlatforms) = preSolution
		Debug|Any CPU = Debug|Any CPU
		Release|Any CPU = Release|Any CPU
	EndGlobalSection
	GlobalSection(ProjectConfigurationPlatforms) = postSolution
		{D7EED926-E68B-46F8-8221-023E89F5CBA6}.Debug|Any CPU.ActiveCfg = Debug|Any CPU
		{D7EED926-E68B-46F8-8221-023E89F5CBA6}.Debug|Any CPU.Build.0 = Debug|Any CPU
		{D7EED926-E68B-46F8-8221-023E89F5CBA6}.Release|Any CPU.ActiveCfg = Release|Any CPU
		{D7EED926-E68B-46F8-8221-023E89F5CBA6}.Release|Any CPU.Build.0 = Release|Any CPU
		{F4A9A668-6A4B-4854-BB57-ACE481945292}.Debug|Any CPU.ActiveCfg = Debug|Any CPU
		{F4A9A668-6A4B-4854-BB57-ACE481945292}.Debug|Any CPU.Build.0 = Debug|Any CPU
		{F4A9A668-6A4B-4854-BB57-ACE481945292}.Release|Any CPU.ActiveCfg = Release|Any CPU
		{F4A9A668-6A4B-4854-BB57-ACE481945292}.Release|Any CPU.Build.0 = Release|Any CPU
		{0DD06E62-9253-4BBF-9988-01C17C44AF7E}.Debug|Any CPU.ActiveCfg = Debug|Any CPU
		{0DD06E62-9253-4BBF-9988-01C17C44AF7E}.Debug|Any CPU.Build.0 = Debug|Any CPU
		{0DD06E62-9253-4BBF-9988-01C17C44AF7E}.Release|Any CPU.ActiveCfg = Release|Any CPU
		{0DD06E62-9253-4BBF-9988-01C17C44AF7E}.Release|Any CPU.Build.0 = Release|Any CPU
		{781C7B7F-4D7D-421A-8759-11D6CF198E9D}.Debug|Any CPU.ActiveCfg = Debug|Any CPU
		{781C7B7F-4D7D-421A-8759-11D6CF198E9D}.Debug|Any CPU.Build.0 = Debug|Any CPU
		{781C7B7F-4D7D-421A-8759-11D6CF198E9D}.Release|Any CPU.ActiveCfg = Release|Any CPU
		{781C7B7F-4D7D-421A-8759-11D6CF198E9D}.Release|Any CPU.Build.0 = Release|Any CPU
		{60632201-673E-4795-90ED-30CF83BB435C}.Debug|Any CPU.ActiveCfg = Debug|Any CPU
		{60632201-673E-4795-90ED-30CF83BB435C}.Debug|Any CPU.Build.0 = Debug|Any CPU
		{60632201-673E-4795-90ED-30CF83BB435C}.Release|Any CPU.ActiveCfg = Release|Any CPU
		{60632201-673E-4795-90ED-30CF83BB435C}.Release|Any CPU.Build.0 = Release|Any CPU
		{4A8D689F-0279-4777-A4DA-E535432FA887}.Debug|Any CPU.ActiveCfg = Debug|Any CPU
		{4A8D689F-0279-4777-A4DA-E535432FA887}.Debug|Any CPU.Build.0 = Debug|Any CPU
		{4A8D689F-0279-4777-A4DA-E535432FA887}.Release|Any CPU.ActiveCfg = Release|Any CPU
		{4A8D689F-0279-4777-A4DA-E535432FA887}.Release|Any CPU.Build.0 = Release|Any CPU
		{41D1A5B1-5F91-477F-9700-3BF3C8EF5811}.Debug|Any CPU.ActiveCfg = Debug|Any CPU
		{41D1A5B1-5F91-477F-9700-3BF3C8EF5811}.Debug|Any CPU.Build.0 = Debug|Any CPU
		{41D1A5B1-5F91-477F-9700-3BF3C8EF5811}.Debug|Any CPU.Deploy.0 = Debug|Any CPU
		{41D1A5B1-5F91-477F-9700-3BF3C8EF5811}.Release|Any CPU.ActiveCfg = Release|Any CPU
		{41D1A5B1-5F91-477F-9700-3BF3C8EF5811}.Release|Any CPU.Build.0 = Release|Any CPU
		{41D1A5B1-5F91-477F-9700-3BF3C8EF5811}.Release|Any CPU.Deploy.0 = Release|Any CPU
	EndGlobalSection
	GlobalSection(SolutionProperties) = preSolution
		HideSolutionNode = FALSE
	EndGlobalSection
EndGlobal
